
Microsoft Visual Studio Solution File, Format Version 12.00
# Visual Studio Version 17
VisualStudioVersion = 17.2.32630.192
MinimumVisualStudioVersion = 10.0.40219.1
Project("{FAE04EC0-301F-11D3-BF4B-00C04F79EFBC}") = "WinDateFrom.UWP", "WinDateFrom\WinDateFrom.UWP\WinDateFrom.UWP.csproj", "{73CF14B3-242D-4929-A06A-F427FC884CAC}"
EndProject
Project("{FAE04EC0-301F-11D3-BF4B-00C04F79EFBC}") = "WinDateFrom.Android", "WinDateFrom\WinDateFrom.Android\WinDateFrom.Android.csproj", "{78F1029B-B175-4C45-B942-1C3E93E02E75}"
EndProject
Project("{FAE04EC0-301F-11D3-BF4B-00C04F79EFBC}") = "WinDateFrom.iOS", "WinDateFrom\WinDateFrom.iOS\WinDateFrom.iOS.csproj", "{AF70CBA8-7537-4016-9F67-D3802410F929}"
EndProject
Project("{FAE04EC0-301F-11D3-BF4B-00C04F79EFBC}") = "WinDateFrom", "WinDateFrom\WinDateFrom\WinDateFrom.csproj", "{4A31D1A4-109A-44C4-A588-BFC9BB9982F1}"
EndProject
Global
	GlobalSection(SolutionConfigurationPlatforms) = preSolution
		Debug|Any CPU = Debug|Any CPU
		Debug|ARM = Debug|ARM
		Debug|iPhone = Debug|iPhone
		Debug|iPhoneSimulator = Debug|iPhoneSimulator
		Debug|x64 = Debug|x64
		Debug|x86 = Debug|x86
		Release|Any CPU = Release|Any CPU
		Release|ARM = Release|ARM
		Release|iPhone = Release|iPhone
		Release|iPhoneSimulator = Release|iPhoneSimulator
		Release|x64 = Release|x64
		Release|x86 = Release|x86
	EndGlobalSection
	GlobalSection(ProjectConfigurationPlatforms) = postSolution
		{73CF14B3-242D-4929-A06A-F427FC884CAC}.Debug|Any CPU.ActiveCfg = Debug|x64
		{73CF14B3-242D-4929-A06A-F427FC884CAC}.Debug|Any CPU.Build.0 = Debug|x64
		{73CF14B3-242D-4929-A06A-F427FC884CAC}.Debug|Any CPU.Deploy.0 = Debug|x64
		{73CF14B3-242D-4929-A06A-F427FC884CAC}.Debug|ARM.ActiveCfg = Debug|ARM
		{73CF14B3-242D-4929-A06A-F427FC884CAC}.Debug|ARM.Build.0 = Debug|ARM
		{73CF14B3-242D-4929-A06A-F427FC884CAC}.Debug|ARM.Deploy.0 = Debug|ARM
		{73CF14B3-242D-4929-A06A-F427FC884CAC}.Debug|iPhone.ActiveCfg = Debug|x64
		{73CF14B3-242D-4929-A06A-F427FC884CAC}.Debug|iPhone.Build.0 = Debug|x64
		{73CF14B3-242D-4929-A06A-F427FC884CAC}.Debug|iPhone.Deploy.0 = Debug|x64
		{73CF14B3-242D-4929-A06A-F427FC884CAC}.Debug|iPhoneSimulator.ActiveCfg = Debug|x64
		{73CF14B3-242D-4929-A06A-F427FC884CAC}.Debug|iPhoneSimulator.Build.0 = Debug|x64
		{73CF14B3-242D-4929-A06A-F427FC884CAC}.Debug|iPhoneSimulator.Deploy.0 = Debug|x64
		{73CF14B3-242D-4929-A06A-F427FC884CAC}.Debug|x64.ActiveCfg = Debug|x64
		{73CF14B3-242D-4929-A06A-F427FC884CAC}.Debug|x64.Build.0 = Debug|x64
		{73CF14B3-242D-4929-A06A-F427FC884CAC}.Debug|x64.Deploy.0 = Debug|x64
		{73CF14B3-242D-4929-A06A-F427FC884CAC}.Debug|x86.ActiveCfg = Debug|x86
		{73CF14B3-242D-4929-A06A-F427FC884CAC}.Debug|x86.Build.0 = Debug|x86
		{73CF14B3-242D-4929-A06A-F427FC884CAC}.Debug|x86.Deploy.0 = Debug|x86
		{73CF14B3-242D-4929-A06A-F427FC884CAC}.Release|Any CPU.ActiveCfg = Release|x64
		{73CF14B3-242D-4929-A06A-F427FC884CAC}.Release|Any CPU.Build.0 = Release|x64
		{73CF14B3-242D-4929-A06A-F427FC884CAC}.Release|Any CPU.Deploy.0 = Release|x64
		{73CF14B3-242D-4929-A06A-F427FC884CAC}.Release|ARM.ActiveCfg = Release|ARM
		{73CF14B3-242D-4929-A06A-F427FC884CAC}.Release|ARM.Build.0 = Release|ARM
		{73CF14B3-242D-4929-A06A-F427FC884CAC}.Release|ARM.Deploy.0 = Release|ARM
		{73CF14B3-242D-4929-A06A-F427FC884CAC}.Release|iPhone.ActiveCfg = Release|x64
		{73CF14B3-242D-4929-A06A-F427FC884CAC}.Release|iPhone.Build.0 = Release|x64
		{73CF14B3-242D-4929-A06A-F427FC884CAC}.Release|iPhone.Deploy.0 = Release|x64
		{73CF14B3-242D-4929-A06A-F427FC884CAC}.Release|iPhoneSimulator.ActiveCfg = Release|x64
		{73CF14B3-242D-4929-A06A-F427FC884CAC}.Release|iPhoneSimulator.Build.0 = Release|x64
		{73CF14B3-242D-4929-A06A-F427FC884CAC}.Release|iPhoneSimulator.Deploy.0 = Release|x64
		{73CF14B3-242D-4929-A06A-F427FC884CAC}.Release|x64.ActiveCfg = Release|x64
		{73CF14B3-242D-4929-A06A-F427FC884CAC}.Release|x64.Build.0 = Release|x64
		{73CF14B3-242D-4929-A06A-F427FC884CAC}.Release|x64.Deploy.0 = Release|x64
		{73CF14B3-242D-4929-A06A-F427FC884CAC}.Release|x86.ActiveCfg = Release|x86
		{73CF14B3-242D-4929-A06A-F427FC884CAC}.Release|x86.Build.0 = Release|x86
		{73CF14B3-242D-4929-A06A-F427FC884CAC}.Release|x86.Deploy.0 = Release|x86
		{78F1029B-B175-4C45-B942-1C3E93E02E75}.Debug|Any CPU.ActiveCfg = Debug|Any CPU
		{78F1029B-B175-4C45-B942-1C3E93E02E75}.Debug|Any CPU.Build.0 = Debug|Any CPU
		{78F1029B-B175-4C45-B942-1C3E93E02E75}.Debug|Any CPU.Deploy.0 = Debug|Any CPU
		{78F1029B-B175-4C45-B942-1C3E93E02E75}.Debug|ARM.ActiveCfg = Debug|Any CPU
		{78F1029B-B175-4C45-B942-1C3E93E02E75}.Debug|ARM.Build.0 = Debug|Any CPU
		{78F1029B-B175-4C45-B942-1C3E93E02E75}.Debug|ARM.Deploy.0 = Debug|Any CPU
		{78F1029B-B175-4C45-B942-1C3E93E02E75}.Debug|iPhone.ActiveCfg = Debug|Any CPU
		{78F1029B-B175-4C45-B942-1C3E93E02E75}.Debug|iPhone.Build.0 = Debug|Any CPU
		{78F1029B-B175-4C45-B942-1C3E93E02E75}.Debug|iPhone.Deploy.0 = Debug|Any CPU
		{78F1029B-B175-4C45-B942-1C3E93E02E75}.Debug|iPhoneSimulator.ActiveCfg = Debug|Any CPU
		{78F1029B-B175-4C45-B942-1C3E93E02E75}.Debug|iPhoneSimulator.Build.0 = Debug|Any CPU
		{78F1029B-B175-4C45-B942-1C3E93E02E75}.Debug|iPhoneSimulator.Deploy.0 = Debug|Any CPU
		{78F1029B-B175-4C45-B942-1C3E93E02E75}.Debug|x64.ActiveCfg = Debug|Any CPU
		{78F1029B-B175-4C45-B942-1C3E93E02E75}.Debug|x64.Build.0 = Debug|Any CPU
		{78F1029B-B175-4C45-B942-1C3E93E02E75}.Debug|x64.Deploy.0 = Debug|Any CPU
		{78F1029B-B175-4C45-B942-1C3E93E02E75}.Debug|x86.ActiveCfg = Debug|Any CPU
		{78F1029B-B175-4C45-B942-1C3E93E02E75}.Debug|x86.Build.0 = Debug|Any CPU
		{78F1029B-B175-4C45-B942-1C3E93E02E75}.Debug|x86.Deploy.0 = Debug|Any CPU
		{78F1029B-B175-4C45-B942-1C3E93E02E75}.Release|Any CPU.ActiveCfg = Release|Any CPU
		{78F1029B-B175-4C45-B942-1C3E93E02E75}.Release|Any CPU.Build.0 = Release|Any CPU
		{78F1029B-B175-4C45-B942-1C3E93E02E75}.Release|Any CPU.Deploy.0 = Release|Any CPU
		{78F1029B-B175-4C45-B942-1C3E93E02E75}.Release|ARM.ActiveCfg = Release|Any CPU
		{78F1029B-B175-4C45-B942-1C3E93E02E75}.Release|ARM.Build.0 = Release|Any CPU
		{78F1029B-B175-4C45-B942-1C3E93E02E75}.Release|ARM.Deploy.0 = Release|Any CPU
		{78F1029B-B175-4C45-B942-1C3E93E02E75}.Release|iPhone.ActiveCfg = Release|Any CPU
		{78F1029B-B175-4C45-B942-1C3E93E02E75}.Release|iPhone.Build.0 = Release|Any CPU
		{78F1029B-B175-4C45-B942-1C3E93E02E75}.Release|iPhone.Deploy.0 = Release|Any CPU
		{78F1029B-B175-4C45-B942-1C3E93E02E75}.Release|iPhoneSimulator.ActiveCfg = Release|Any CPU
		{78F1029B-B175-4C45-B942-1C3E93E02E75}.Release|iPhoneSimulator.Build.0 = Release|Any CPU
		{78F1029B-B175-4C45-B942-1C3E93E02E75}.Release|iPhoneSimulator.Deploy.0 = Release|Any CPU
		{78F1029B-B175-4C45-B942-1C3E93E02E75}.Release|x64.ActiveCfg = Release|Any CPU
		{78F1029B-B175-4C45-B942-1C3E93E02E75}.Release|x64.Build.0 = Release|Any CPU
		{78F1029B-B175-4C45-B942-1C3E93E02E75}.Release|x64.Deploy.0 = Release|Any CPU
		{78F1029B-B175-4C45-B942-1C3E93E02E75}.Release|x86.ActiveCfg = Release|Any CPU
		{78F1029B-B175-4C45-B942-1C3E93E02E75}.Release|x86.Build.0 = Release|Any CPU
		{78F1029B-B175-4C45-B942-1C3E93E02E75}.Release|x86.Deploy.0 = Release|Any CPU
		{AF70CBA8-7537-4016-9F67-D3802410F929}.Debug|Any CPU.ActiveCfg = Debug|iPhoneSimulator
		{AF70CBA8-7537-4016-9F67-D3802410F929}.Debug|Any CPU.Build.0 = Debug|iPhoneSimulator
		{AF70CBA8-7537-4016-9F67-D3802410F929}.Debug|Any CPU.Deploy.0 = Debug|iPhoneSimulator
		{AF70CBA8-7537-4016-9F67-D3802410F929}.Debug|ARM.ActiveCfg = Debug|iPhoneSimulator
		{AF70CBA8-7537-4016-9F67-D3802410F929}.Debug|ARM.Build.0 = Debug|iPhoneSimulator
		{AF70CBA8-7537-4016-9F67-D3802410F929}.Debug|ARM.Deploy.0 = Debug|iPhoneSimulator
		{AF70CBA8-7537-4016-9F67-D3802410F929}.Debug|iPhone.ActiveCfg = Debug|iPhone
		{AF70CBA8-7537-4016-9F67-D3802410F929}.Debug|iPhone.Build.0 = Debug|iPhone
		{AF70CBA8-7537-4016-9F67-D3802410F929}.Debug|iPhone.Deploy.0 = Debug|iPhone
		{AF70CBA8-7537-4016-9F67-D3802410F929}.Debug|iPhoneSimulator.ActiveCfg = Debug|iPhoneSimulator
		{AF70CBA8-7537-4016-9F67-D3802410F929}.Debug|iPhoneSimulator.Build.0 = Debug|iPhoneSimulator
		{AF70CBA8-7537-4016-9F67-D3802410F929}.Debug|iPhoneSimulator.Deploy.0 = Debug|iPhoneSimulator
		{AF70CBA8-7537-4016-9F67-D3802410F929}.Debug|x64.ActiveCfg = Debug|iPhone
		{AF70CBA8-7537-4016-9F67-D3802410F929}.Debug|x64.Build.0 = Debug|iPhone
		{AF70CBA8-7537-4016-9F67-D3802410F929}.Debug|x64.Deploy.0 = Debug|iPhone
		{AF70CBA8-7537-4016-9F67-D3802410F929}.Debug|x86.ActiveCfg = Debug|iPhoneSimulator
		{AF70CBA8-7537-4016-9F67-D3802410F929}.Debug|x86.Build.0 = Debug|iPhoneSimulator
		{AF70CBA8-7537-4016-9F67-D3802410F929}.Debug|x86.Deploy.0 = Debug|iPhoneSimulator
		{AF70CBA8-7537-4016-9F67-D3802410F929}.Release|Any CPU.ActiveCfg = Release|iPhoneSimulator
		{AF70CBA8-7537-4016-9F67-D3802410F929}.Release|Any CPU.Build.0 = Release|iPhoneSimulator
		{AF70CBA8-7537-4016-9F67-D3802410F929}.Release|Any CPU.Deploy.0 = Release|iPhoneSimulator
		{AF70CBA8-7537-4016-9F67-D3802410F929}.Release|ARM.ActiveCfg = Release|iPhoneSimulator
		{AF70CBA8-7537-4016-9F67-D3802410F929}.Release|ARM.Build.0 = Release|iPhoneSimulator
		{AF70CBA8-7537-4016-9F67-D3802410F929}.Release|ARM.Deploy.0 = Release|iPhoneSimulator
		{AF70CBA8-7537-4016-9F67-D3802410F929}.Release|iPhone.ActiveCfg = Release|iPhone
		{AF70CBA8-7537-4016-9F67-D3802410F929}.Release|iPhone.Build.0 = Release|iPhone
		{AF70CBA8-7537-4016-9F67-D3802410F929}.Release|iPhone.Deploy.0 = Release|iPhone
		{AF70CBA8-7537-4016-9F67-D3802410F929}.Release|iPhoneSimulator.ActiveCfg = Release|iPhoneSimulator
		{AF70CBA8-7537-4016-9F67-D3802410F929}.Release|iPhoneSimulator.Build.0 = Release|iPhoneSimulator
		{AF70CBA8-7537-4016-9F67-D3802410F929}.Release|iPhoneSimulator.Deploy.0 = Release|iPhoneSimulator
		{AF70CBA8-7537-4016-9F67-D3802410F929}.Release|x64.ActiveCfg = Release|iPhoneSimulator
		{AF70CBA8-7537-4016-9F67-D3802410F929}.Release|x64.Build.0 = Release|iPhoneSimulator
		{AF70CBA8-7537-4016-9F67-D3802410F929}.Release|x64.Deploy.0 = Release|iPhoneSimulator
		{AF70CBA8-7537-4016-9F67-D3802410F929}.Release|x86.ActiveCfg = Release|iPhoneSimulator
		{AF70CBA8-7537-4016-9F67-D3802410F929}.Release|x86.Build.0 = Release|iPhoneSimulator
		{AF70CBA8-7537-4016-9F67-D3802410F929}.Release|x86.Deploy.0 = Release|iPhoneSimulator
		{4A31D1A4-109A-44C4-A588-BFC9BB9982F1}.Debug|Any CPU.ActiveCfg = Debug|Any CPU
		{4A31D1A4-109A-44C4-A588-BFC9BB9982F1}.Debug|Any CPU.Build.0 = Debug|Any CPU
		{4A31D1A4-109A-44C4-A588-BFC9BB9982F1}.Debug|Any CPU.Deploy.0 = Debug|Any CPU
		{4A31D1A4-109A-44C4-A588-BFC9BB9982F1}.Debug|ARM.ActiveCfg = Debug|Any CPU
		{4A31D1A4-109A-44C4-A588-BFC9BB9982F1}.Debug|ARM.Build.0 = Debug|Any CPU
		{4A31D1A4-109A-44C4-A588-BFC9BB9982F1}.Debug|ARM.Deploy.0 = Debug|Any CPU
		{4A31D1A4-109A-44C4-A588-BFC9BB9982F1}.Debug|iPhone.ActiveCfg = Debug|Any CPU
		{4A31D1A4-109A-44C4-A588-BFC9BB9982F1}.Debug|iPhone.Build.0 = Debug|Any CPU
		{4A31D1A4-109A-44C4-A588-BFC9BB9982F1}.Debug|iPhone.Deploy.0 = Debug|Any CPU
		{4A31D1A4-109A-44C4-A588-BFC9BB9982F1}.Debug|iPhoneSimulator.ActiveCfg = Debug|Any CPU
		{4A31D1A4-109A-44C4-A588-BFC9BB9982F1}.Debug|iPhoneSimulator.Build.0 = Debug|Any CPU
		{4A31D1A4-109A-44C4-A588-BFC9BB9982F1}.Debug|iPhoneSimulator.Deploy.0 = Debug|Any CPU
		{4A31D1A4-109A-44C4-A588-BFC9BB9982F1}.Debug|x64.ActiveCfg = Debug|Any CPU
		{4A31D1A4-109A-44C4-A588-BFC9BB9982F1}.Debug|x64.Build.0 = Debug|Any CPU
		{4A31D1A4-109A-44C4-A588-BFC9BB9982F1}.Debug|x64.Deploy.0 = Debug|Any CPU
		{4A31D1A4-109A-44C4-A588-BFC9BB9982F1}.Debug|x86.ActiveCfg = Debug|Any CPU
		{4A31D1A4-109A-44C4-A588-BFC9BB9982F1}.Debug|x86.Build.0 = Debug|Any CPU
		{4A31D1A4-109A-44C4-A588-BFC9BB9982F1}.Debug|x86.Deploy.0 = Debug|Any CPU
		{4A31D1A4-109A-44C4-A588-BFC9BB9982F1}.Release|Any CPU.ActiveCfg = Release|Any CPU
		{4A31D1A4-109A-44C4-A588-BFC9BB9982F1}.Release|Any CPU.Build.0 = Release|Any CPU
		{4A31D1A4-109A-44C4-A588-BFC9BB9982F1}.Release|Any CPU.Deploy.0 = Release|Any CPU
		{4A31D1A4-109A-44C4-A588-BFC9BB9982F1}.Release|ARM.ActiveCfg = Release|Any CPU
		{4A31D1A4-109A-44C4-A588-BFC9BB9982F1}.Release|ARM.Build.0 = Release|Any CPU
		{4A31D1A4-109A-44C4-A588-BFC9BB9982F1}.Release|ARM.Deploy.0 = Release|Any CPU
		{4A31D1A4-109A-44C4-A588-BFC9BB9982F1}.Release|iPhone.ActiveCfg = Release|Any CPU
		{4A31D1A4-109A-44C4-A588-BFC9BB9982F1}.Release|iPhone.Build.0 = Release|Any CPU
		{4A31D1A4-109A-44C4-A588-BFC9BB9982F1}.Release|iPhone.Deploy.0 = Release|Any CPU
		{4A31D1A4-109A-44C4-A588-BFC9BB9982F1}.Release|iPhoneSimulator.ActiveCfg = Release|Any CPU
		{4A31D1A4-109A-44C4-A588-BFC9BB9982F1}.Release|iPhoneSimulator.Build.0 = Release|Any CPU
		{4A31D1A4-109A-44C4-A588-BFC9BB9982F1}.Release|iPhoneSimulator.Deploy.0 = Release|Any CPU
		{4A31D1A4-109A-44C4-A588-BFC9BB9982F1}.Release|x64.ActiveCfg = Release|Any CPU
		{4A31D1A4-109A-44C4-A588-BFC9BB9982F1}.Release|x64.Build.0 = Release|Any CPU
		{4A31D1A4-109A-44C4-A588-BFC9BB9982F1}.Release|x64.Deploy.0 = Release|Any CPU
		{4A31D1A4-109A-44C4-A588-BFC9BB9982F1}.Release|x86.ActiveCfg = Release|Any CPU
		{4A31D1A4-109A-44C4-A588-BFC9BB9982F1}.Release|x86.Build.0 = Release|Any CPU
		{4A31D1A4-109A-44C4-A588-BFC9BB9982F1}.Release|x86.Deploy.0 = Release|Any CPU
	EndGlobalSection
	GlobalSection(SolutionProperties) = preSolution
		HideSolutionNode = FALSE
	EndGlobalSection
	GlobalSection(ExtensibilityGlobals) = postSolution
		SolutionGuid = {B03348F9-B585-41D1-BD32-F8DF46706222}
	EndGlobalSection
EndGlobal
